
Microsoft Visual Studio Solution File, Format Version 11.00
# Visual Studio 2010
Project("{FAE04EC0-301F-11D3-BF4B-00C04F79EFBC}") = "Assembly-CSharp", "Assembly-CSharp.csproj", "{e47e38d6-ee26-a75f-3499-485b1813eb3b}"
EndProject
Global
	GlobalSection(SolutionConfigurationPlatforms) = preSolution
		Debug|Any CPU = Debug|Any CPU
		Release|Any CPU = Release|Any CPU
	EndGlobalSection
	GlobalSection(ProjectConfigurationPlatforms) = postSolution
		{e47e38d6-ee26-a75f-3499-485b1813eb3b}.Debug|Any CPU.ActiveCfg = Debug|Any CPU
		{e47e38d6-ee26-a75f-3499-485b1813eb3b}.Debug|Any CPU.Build.0 = Debug|Any CPU
		{e47e38d6-ee26-a75f-3499-485b1813eb3b}.Release|Any CPU.ActiveCfg = Release|Any CPU
		{e47e38d6-ee26-a75f-3499-485b1813eb3b}.Release|Any CPU.Build.0 = Release|Any CPU
	EndGlobalSection
	GlobalSection(SolutionProperties) = preSolution
		HideSolutionNode = FALSE
	EndGlobalSection
EndGlobal
